{
  "name": "fastapi_practice",
  "version": "1.0.0",
  "lockfileVersion": 3,
  "requires": true,
  "packages": {
    "": {
      "name": "fastapi_practice",
      "version": "1.0.0",
      "license": "ISC",
      "dependencies": {
        "@vercel/python": "^6.0.2"
      }
    },
    "node_modules/@vercel/python": {
      "version": "6.0.2",
      "resolved": "https://registry.npmjs.org/@vercel/python/-/python-6.0.2.tgz",
      "integrity": "sha512-lKHbgYaU7YAhLe3Z1kzS9bebxkW65GUXho5ohqYPX8chMEAOuMiBw+PCL4CWhQRmF07n1a66WxIKA0z5d7duRw==",
      "license": "Apache-2.0"
    }
  }
}
